// !$*UTF8*$!
{
	archiveVersion = 1;
	classes = {
	};
	objectVersion = 56;
	objects = {

/* Begin PBXBuildFile section */
		000000000000000000000101 /* AppDelegate.swift in Sources */ = {isa = PBXBuildFile; fileRef = 000000000000000000000201 /* AppDelegate.swift */; };
		000000000000000000000102 /* SceneDelegate.swift in Sources */ = {isa = PBXBuildFile; fileRef = 000000000000000000000202 /* SceneDelegate.swift */; };
		000000000000000000000103 /* AppConfig.swift in Sources */ = {isa = PBXBuildFile; fileRef = 000000000000000000000203 /* AppConfig.swift */; };
		000000000000000000000104 /* MainTabBarController.swift in Sources */ = {isa = PBXBuildFile; fileRef = 000000000000000000000204 /* MainTabBarController.swift */; };
		000000000000000000000105 /* PortalNavigationController.swift in Sources */ = {isa = PBXBuildFile; fileRef = 000000000000000000000205 /* PortalNavigationController.swift */; };
		000000000000000000000106 /* NativeErrorView.swift in Sources */ = {isa = PBXBuildFile; fileRef = 000000000000000000000206 /* NativeErrorView.swift */; };
		000000000000000000000107 /* Haptics.swift in Sources */ = {isa = PBXBuildFile; fileRef = 000000000000000000000207 /* Haptics.swift */; };
		000000000000000000000108 /* LocalNotificationService.swift in Sources */ = {isa = PBXBuildFile; fileRef = 000000000000000000000208 /* LocalNotificationService.swift */; };
		000000000000000000000109 /* SharePresenter.swift in Sources */ = {isa = PBXBuildFile; fileRef = 000000000000000000000209 /* SharePresenter.swift */; };
		00000000000000000000010A /* FileUploadCoordinator.swift in Sources */ = {isa = PBXBuildFile; fileRef = 00000000000000000000020A /* FileUploadCoordinator.swift */; };
		00000000000000000000010B /* WebBridge.swift in Sources */ = {isa = PBXBuildFile; fileRef = 00000000000000000000020B /* WebBridge.swift */; };
		00000000000000000000010C /* WebPortalViewController.swift in Sources */ = {isa = PBXBuildFile; fileRef = 00000000000000000000020C /* WebPortalViewController.swift */; };
		00000000000000000000010E /* Assets.xcassets in Resources */ = {isa = PBXBuildFile; fileRef = 00000000000000000000020E /* Assets.xcassets */; };
		00000000000000000000010F /* PrivacyInfo.xcprivacy in Resources */ = {isa = PBXBuildFile; fileRef = 00000000000000000000020F /* PrivacyInfo.xcprivacy */; };
		000000000000000000000110 /* IAPPlaceholderService.swift in Sources */ = {isa = PBXBuildFile; fileRef = 000000000000000000000212 /* IAPPlaceholderService.swift */; };
/* End PBXBuildFile section */

/* Begin PBXFileReference section */
		000000000000000000000201 /* AppDelegate.swift */ = {isa = PBXFileReference; lastKnownFileType = sourcecode.swift; path = AppDelegate.swift; sourceTree = "<group>"; };
		000000000000000000000202 /* SceneDelegate.swift */ = {isa = PBXFileReference; lastKnownFileType = sourcecode.swift; path = SceneDelegate.swift; sourceTree = "<group>"; };
		000000000000000000000203 /* AppConfig.swift */ = {isa = PBXFileReference; lastKnownFileType = sourcecode.swift; path = AppConfig.swift; sourceTree = "<group>"; };
		000000000000000000000204 /* MainTabBarController.swift */ = {isa = PBXFileReference; lastKnownFileType = sourcecode.swift; path = MainTabBarController.swift; sourceTree = "<group>"; };
		000000000000000000000205 /* PortalNavigationController.swift */ = {isa = PBXFileReference; lastKnownFileType = sourcecode.swift; path = PortalNavigationController.swift; sourceTree = "<group>"; };
		000000000000000000000206 /* NativeErrorView.swift */ = {isa = PBXFileReference; lastKnownFileType = sourcecode.swift; path = NativeErrorView.swift; sourceTree = "<group>"; };
		000000000000000000000207 /* Haptics.swift */ = {isa = PBXFileReference; lastKnownFileType = sourcecode.swift; path = Haptics.swift; sourceTree = "<group>"; };
		000000000000000000000208 /* LocalNotificationService.swift */ = {isa = PBXFileReference; lastKnownFileType = sourcecode.swift; path = LocalNotificationService.swift; sourceTree = "<group>"; };
		000000000000000000000209 /* SharePresenter.swift */ = {isa = PBXFileReference; lastKnownFileType = sourcecode.swift; path = SharePresenter.swift; sourceTree = "<group>"; };
		00000000000000000000020A /* FileUploadCoordinator.swift */ = {isa = PBXFileReference; lastKnownFileType = sourcecode.swift; path = FileUploadCoordinator.swift; sourceTree = "<group>"; };
		00000000000000000000020B /* WebBridge.swift */ = {isa = PBXFileReference; lastKnownFileType = sourcecode.swift; path = WebBridge.swift; sourceTree = "<group>"; };
		00000000000000000000020C /* WebPortalViewController.swift */ = {isa = PBXFileReference; lastKnownFileType = sourcecode.swift; path = WebPortalViewController.swift; sourceTree = "<group>"; };
		00000000000000000000020E /* Assets.xcassets */ = {isa = PBXFileReference; lastKnownFileType = folder.assetcatalog; path = Assets.xcassets; sourceTree = "<group>"; };
		00000000000000000000020F /* PrivacyInfo.xcprivacy */ = {isa = PBXFileReference; lastKnownFileType = text.xml; path = PrivacyInfo.xcprivacy; sourceTree = "<group>"; };
		000000000000000000000210 /* Info.plist */ = {isa = PBXFileReference; lastKnownFileType = text.plist.xml; path = Info.plist; sourceTree = "<group>"; };
		000000000000000000000211 /* FrogRiverPortal.app */ = {isa = PBXFileReference; explicitFileType = wrapper.application; includeInIndex = 0; path = FrogRiverPortal.app; sourceTree = BUILT_PRODUCTS_DIR; };
		000000000000000000000212 /* IAPPlaceholderService.swift */ = {isa = PBXFileReference; lastKnownFileType = sourcecode.swift; path = IAPPlaceholderService.swift; sourceTree = "<group>"; };
/* End PBXFileReference section */

/* Begin PBXFrameworksBuildPhase section */
		000000000000000000000301 /* Frameworks */ = {
			isa = PBXFrameworksBuildPhase;
			buildActionMask = 2147483647;
			files = (
			);
			runOnlyForDeploymentPostprocessing = 0;
		};
/* End PBXFrameworksBuildPhase section */

/* Begin PBXGroup section */
		000000000000000000000401 = {
			isa = PBXGroup;
			children = (
				000000000000000000000402 /* FrogRiverPortal */,
				000000000000000000000403 /* Products */,
			);
			sourceTree = "<group>";
		};
		000000000000000000000402 /* FrogRiverPortal */ = {
			isa = PBXGroup;
			children = (
				000000000000000000000404 /* App */,
				000000000000000000000405 /* Config */,
				000000000000000000000406 /* UI */,
				000000000000000000000407 /* Native */,
				000000000000000000000408 /* Web */,
				000000000000000000000409 /* Resources */,
			);
			path = FrogRiverPortal;
			sourceTree = "<group>";
		};
		000000000000000000000403 /* Products */ = {
			isa = PBXGroup;
			children = (
				000000000000000000000211 /* FrogRiverPortal.app */,
			);
			name = Products;
			sourceTree = "<group>";
		};
		000000000000000000000404 /* App */ = {
			isa = PBXGroup;
			children = (
				000000000000000000000201 /* AppDelegate.swift */,
				000000000000000000000202 /* SceneDelegate.swift */,
			);
			path = App;
			sourceTree = "<group>";
		};
		000000000000000000000405 /* Config */ = {
			isa = PBXGroup;
			children = (
				000000000000000000000203 /* AppConfig.swift */,
			);
			path = Config;
			sourceTree = "<group>";
		};
		000000000000000000000406 /* UI */ = {
			isa = PBXGroup;
			children = (
				000000000000000000000204 /* MainTabBarController.swift */,
				000000000000000000000205 /* PortalNavigationController.swift */,
				000000000000000000000206 /* NativeErrorView.swift */,
			);
			path = UI;
			sourceTree = "<group>";
		};
		000000000000000000000407 /* Native */ = {
			isa = PBXGroup;
			children = (
				000000000000000000000207 /* Haptics.swift */,
				000000000000000000000208 /* LocalNotificationService.swift */,
				000000000000000000000209 /* SharePresenter.swift */,
				00000000000000000000020A /* FileUploadCoordinator.swift */,
				000000000000000000000212 /* IAPPlaceholderService.swift */,
			);
			path = Native;
			sourceTree = "<group>";
		};
		000000000000000000000408 /* Web */ = {
			isa = PBXGroup;
			children = (
				00000000000000000000020B /* WebBridge.swift */,
				00000000000000000000020C /* WebPortalViewController.swift */,
			);
			path = Web;
			sourceTree = "<group>";
		};
		000000000000000000000409 /* Resources */ = {
			isa = PBXGroup;
			children = (
				000000000000000000000210 /* Info.plist */,
				00000000000000000000020F /* PrivacyInfo.xcprivacy */,
				00000000000000000000020E /* Assets.xcassets */,
			);
			path = Resources;
			sourceTree = "<group>";
		};
/* End PBXGroup section */

/* Begin PBXNativeTarget section */
		000000000000000000000501 /* FrogRiverPortal */ = {
			isa = PBXNativeTarget;
			buildConfigurationList = 000000000000000000000701 /* Build configuration list for PBXNativeTarget "FrogRiverPortal" */;
			buildPhases = (
				000000000000000000000601 /* Sources */,
				000000000000000000000301 /* Frameworks */,
				000000000000000000000602 /* Resources */,
			);
			buildRules = (
			);
			dependencies = (
			);
			name = FrogRiverPortal;
			productName = FrogRiverPortal;
			productReference = 000000000000000000000211 /* FrogRiverPortal.app */;
			productType = "com.apple.product-type.application";
		};
/* End PBXNativeTarget section */

/* Begin PBXProject section */
		000000000000000000000001 /* Project object */ = {
			isa = PBXProject;
			attributes = {
				BuildIndependentTargetsInParallel = 1;
				LastSwiftUpdateCheck = 1600;
				LastUpgradeCheck = 1600;
				TargetAttributes = {
					000000000000000000000501 = {
						CreatedOnToolsVersion = 16.0;
					};
				};
			};
			buildConfigurationList = 000000000000000000000700 /* Build configuration list for PBXProject "FrogRiverPortal" */;
			compatibilityVersion = "Xcode 14.0";
			developmentRegion = zh-Hans;
			hasScannedForEncodings = 0;
			knownRegions = (
				zh-Hans,
				en,
				Base,
			);
			mainGroup = 000000000000000000000401;
			productRefGroup = 000000000000000000000403 /* Products */;
			projectDirPath = "";
			projectRoot = "";
			targets = (
				000000000000000000000501 /* FrogRiverPortal */,
			);
		};
/* End PBXProject section */

/* Begin PBXResourcesBuildPhase section */
		000000000000000000000602 /* Resources */ = {
			isa = PBXResourcesBuildPhase;
			buildActionMask = 2147483647;
			files = (
				00000000000000000000010E /* Assets.xcassets in Resources */,
				00000000000000000000010F /* PrivacyInfo.xcprivacy in Resources */,
			);
			runOnlyForDeploymentPostprocessing = 0;
		};
/* End PBXResourcesBuildPhase section */

/* Begin PBXSourcesBuildPhase section */
		000000000000000000000601 /* Sources */ = {
			isa = PBXSourcesBuildPhase;
			buildActionMask = 2147483647;
			files = (
				000000000000000000000101 /* AppDelegate.swift in Sources */,
				000000000000000000000102 /* SceneDelegate.swift in Sources */,
				000000000000000000000103 /* AppConfig.swift in Sources */,
				000000000000000000000104 /* MainTabBarController.swift in Sources */,
				000000000000000000000105 /* PortalNavigationController.swift in Sources */,
				000000000000000000000106 /* NativeErrorView.swift in Sources */,
				000000000000000000000107 /* Haptics.swift in Sources */,
				000000000000000000000108 /* LocalNotificationService.swift in Sources */,
				000000000000000000000109 /* SharePresenter.swift in Sources */,
				00000000000000000000010A /* FileUploadCoordinator.swift in Sources */,
				000000000000000000000110 /* IAPPlaceholderService.swift in Sources */,
				00000000000000000000010B /* WebBridge.swift in Sources */,
				00000000000000000000010C /* WebPortalViewController.swift in Sources */,
			);
			runOnlyForDeploymentPostprocessing = 0;
		};
/* End PBXSourcesBuildPhase section */

/* Begin XCBuildConfiguration section */
		000000000000000000000801 /* Debug */ = {
			isa = XCBuildConfiguration;
			buildSettings = {
				ALWAYS_SEARCH_USER_PATHS = NO;
				CLANG_ANALYZER_NONNULL = YES;
				CLANG_ANALYZER_NUMBER_OBJECT_CONVERSION = YES_AGGRESSIVE;
				CLANG_CXX_LANGUAGE_STANDARD = "gnu++20";
				CLANG_ENABLE_MODULES = YES;
				CLANG_ENABLE_OBJC_ARC = YES;
				CLANG_ENABLE_OBJC_WEAK = YES;
				CLANG_WARN_BLOCK_CAPTURE_AUTORELEASING = YES;
				CLANG_WARN_BOOL_CONVERSION = YES;
				CLANG_WARN_COMMA = YES;
				CLANG_WARN_CONSTANT_CONVERSION = YES;
				CLANG_WARN_DEPRECATED_OBJC_IMPLEMENTATIONS = YES;
				CLANG_WARN_DIRECT_OBJC_ISA_USAGE = YES_ERROR;
				CLANG_WARN_DOCUMENTATION_COMMENTS = YES;
				CLANG_WARN_EMPTY_BODY = YES;
				CLANG_WARN_ENUM_CONVERSION = YES;
				CLANG_WARN_INFINITE_RECURSION = YES;
				CLANG_WARN_INT_CONVERSION = YES;
				CLANG_WARN_NON_LITERAL_NULL_CONVERSION = YES;
				CLANG_WARN_OBJC_IMPLICIT_RETAIN_SELF = YES;
				CLANG_WARN_OBJC_LITERAL_CONVERSION = YES;
				CLANG_WARN_OBJC_ROOT_CLASS = YES_ERROR;
				CLANG_WARN_QUOTED_INCLUDE_IN_FRAMEWORK_HEADER = YES;
				CLANG_WARN_RANGE_LOOP_ANALYSIS = YES;
				CLANG_WARN_STRICT_PROTOTYPES = YES;
				CLANG_WARN_SUSPICIOUS_MOVE = YES;
				CLANG_WARN_UNGUARDED_AVAILABILITY = YES_AGGRESSIVE;
				CLANG_WARN_UNREACHABLE_CODE = YES;
				COPY_PHASE_STRIP = NO;
				DEBUG_INFORMATION_FORMAT = dwarf;
				ENABLE_STRICT_OBJC_MSGSEND = YES;
				ENABLE_TESTABILITY = YES;
				ENABLE_USER_SCRIPT_SANDBOXING = YES;
				GCC_C_LANGUAGE_STANDARD = gnu17;
				GCC_DYNAMIC_NO_PIC = NO;
				GCC_NO_COMMON_BLOCKS = YES;
				GCC_OPTIMIZATION_LEVEL = 0;
				GCC_PREPROCESSOR_DEFINITIONS = (
					"DEBUG=1",
					"$(inherited)",
				);
				GCC_WARN_64_TO_32_BIT_CONVERSION = YES;
				GCC_WARN_ABOUT_RETURN_TYPE = YES_ERROR;
				GCC_WARN_UNDECLARED_SELECTOR = YES;
				GCC_WARN_UNINITIALIZED_AUTOS = YES_AGGRESSIVE;
				GCC_WARN_UNUSED_FUNCTION = YES;
				GCC_WARN_UNUSED_VARIABLE = YES;
				IPHONEOS_DEPLOYMENT_TARGET = 16.0;
				MTL_ENABLE_DEBUG_INFO = INCLUDE_SOURCE;
				MTL_FAST_MATH = YES;
				ONLY_ACTIVE_ARCH = YES;
				SDKROOT = iphoneos;
				SWIFT_ACTIVE_COMPILATION_CONDITIONS = DEBUG;
				SWIFT_OPTIMIZATION_LEVEL = "-Onone";
			};
			name = Debug;
		};
		000000000000000000000802 /* Release */ = {
			isa = XCBuildConfiguration;
			buildSettings = {
				ALWAYS_SEARCH_USER_PATHS = NO;
				CLANG_ANALYZER_NONNULL = YES;
				CLANG_ANALYZER_NUMBER_OBJECT_CONVERSION = YES_AGGRESSIVE;
				CLANG_CXX_LANGUAGE_STANDARD = "gnu++20";
				CLANG_ENABLE_MODULES = YES;
				CLANG_ENABLE_OBJC_ARC = YES;
				CLANG_ENABLE_OBJC_WEAK = YES;
				CLANG_WARN_BLOCK_CAPTURE_AUTORELEASING = YES;
				CLANG_WARN_BOOL_CONVERSION = YES;
				CLANG_WARN_COMMA = YES;
				CLANG_WARN_CONSTANT_CONVERSION = YES;
				CLANG_WARN_DEPRECATED_OBJC_IMPLEMENTATIONS = YES;
				CLANG_WARN_DIRECT_OBJC_ISA_USAGE = YES_ERROR;
				CLANG_WARN_DOCUMENTATION_COMMENTS = YES;
				CLANG_WARN_EMPTY_BODY = YES;
				CLANG_WARN_ENUM_CONVERSION = YES;
				CLANG_WARN_INFINITE_RECURSION = YES;
				CLANG_WARN_INT_CONVERSION = YES;
				CLANG_WARN_NON_LITERAL_NULL_CONVERSION = YES;
				CLANG_WARN_OBJC_IMPLICIT_RETAIN_SELF = YES;
				CLANG_WARN_OBJC_LITERAL_CONVERSION = YES;
				CLANG_WARN_OBJC_ROOT_CLASS = YES_ERROR;
				CLANG_WARN_QUOTED_INCLUDE_IN_FRAMEWORK_HEADER = YES;
				CLANG_WARN_RANGE_LOOP_ANALYSIS = YES;
				CLANG_WARN_STRICT_PROTOTYPES = YES;
				CLANG_WARN_SUSPICIOUS_MOVE = YES;
				CLANG_WARN_UNGUARDED_AVAILABILITY = YES_AGGRESSIVE;
				CLANG_WARN_UNREACHABLE_CODE = YES;
				COPY_PHASE_STRIP = NO;
				DEBUG_INFORMATION_FORMAT = "dwarf-with-dsym";
				ENABLE_NS_ASSERTIONS = NO;
				ENABLE_STRICT_OBJC_MSGSEND = YES;
				ENABLE_USER_SCRIPT_SANDBOXING = YES;
				GCC_C_LANGUAGE_STANDARD = gnu17;
				GCC_NO_COMMON_BLOCKS = YES;
				GCC_WARN_64_TO_32_BIT_CONVERSION = YES;
				GCC_WARN_ABOUT_RETURN_TYPE = YES_ERROR;
				GCC_WARN_UNDECLARED_SELECTOR = YES;
				GCC_WARN_UNINITIALIZED_AUTOS = YES_AGGRESSIVE;
				GCC_WARN_UNUSED_FUNCTION = YES;
				GCC_WARN_UNUSED_VARIABLE = YES;
				IPHONEOS_DEPLOYMENT_TARGET = 16.0;
				MTL_ENABLE_DEBUG_INFO = NO;
				MTL_FAST_MATH = YES;
				SDKROOT = iphoneos;
				SWIFT_COMPILATION_MODE = wholemodule;
				SWIFT_OPTIMIZATION_LEVEL = "-O";
				VALIDATE_PRODUCT = YES;
			};
			name = Release;
		};
		000000000000000000000803 /* Debug */ = {
			isa = XCBuildConfiguration;
			buildSettings = {
				ASSETCATALOG_COMPILER_APPICON_NAME = AppIcon;
				CODE_SIGN_STYLE = Automatic;
				CURRENT_PROJECT_VERSION = 1;
				DEVELOPMENT_TEAM = "";
				GENERATE_INFOPLIST_FILE = NO;
				INFOPLIST_FILE = FrogRiverPortal/Resources/Info.plist;
				IPHONEOS_DEPLOYMENT_TARGET = 16.0;
				LD_RUNPATH_SEARCH_PATHS = (
					"$(inherited)",
					"@executable_path/Frameworks",
				);
				MARKETING_VERSION = 1.0.0;
				PRODUCT_BUNDLE_IDENTIFIER = com.jianrongyishu.webportal;
				PRODUCT_NAME = FrogRiverPortal;
				SWIFT_EMIT_LOC_STRINGS = YES;
				SWIFT_VERSION = 5.0;
				TARGETED_DEVICE_FAMILY = "1,2";
			};
			name = Debug;
		};
		000000000000000000000804 /* Release */ = {
			isa = XCBuildConfiguration;
			buildSettings = {
				ASSETCATALOG_COMPILER_APPICON_NAME = AppIcon;
				CODE_SIGN_STYLE = Automatic;
				CURRENT_PROJECT_VERSION = 1;
				DEVELOPMENT_TEAM = "";
				GENERATE_INFOPLIST_FILE = NO;
				INFOPLIST_FILE = FrogRiverPortal/Resources/Info.plist;
				IPHONEOS_DEPLOYMENT_TARGET = 16.0;
				LD_RUNPATH_SEARCH_PATHS = (
					"$(inherited)",
					"@executable_path/Frameworks",
				);
				MARKETING_VERSION = 1.0.0;
				PRODUCT_BUNDLE_IDENTIFIER = com.jianrongyishu.webportal;
				PRODUCT_NAME = FrogRiverPortal;
				SWIFT_EMIT_LOC_STRINGS = YES;
				SWIFT_VERSION = 5.0;
				TARGETED_DEVICE_FAMILY = "1,2";
			};
			name = Release;
		};
/* End XCBuildConfiguration section */

/* Begin XCConfigurationList section */
		000000000000000000000700 /* Build configuration list for PBXProject "FrogRiverPortal" */ = {
			isa = XCConfigurationList;
			buildConfigurations = (
				000000000000000000000801 /* Debug */,
				000000000000000000000802 /* Release */,
			);
			defaultConfigurationIsVisible = 0;
			defaultConfigurationName = Release;
		};
		000000000000000000000701 /* Build configuration list for PBXNativeTarget "FrogRiverPortal" */ = {
			isa = XCConfigurationList;
			buildConfigurations = (
				000000000000000000000803 /* Debug */,
				000000000000000000000804 /* Release */,
			);
			defaultConfigurationIsVisible = 0;
			defaultConfigurationName = Release;
		};
/* End XCConfigurationList section */
	};
	rootObject = 000000000000000000000001 /* Project object */;
}
